
Microsoft Visual Studio Solution File, Format Version 12.00
# Visual Studio Version 16
VisualStudioVersion = 16.0.31624.102
MinimumVisualStudioVersion = 10.0.40219.1
Project("{FAE04EC0-301F-11D3-BF4B-00C04F79EFBC}") = "printerApp", "printerApp\printerApp.csproj", "{C17A9A7F-2395-4BFA-AF4A-4587F61B6CB0}"
EndProject
Global
	GlobalSection(SolutionConfigurationPlatforms) = preSolution
		Debug|Any CPU = Debug|Any CPU
		Release|Any CPU = Release|Any CPU
	EndGlobalSection
	GlobalSection(ProjectConfigurationPlatforms) = postSolution
		{C17A9A7F-2395-4BFA-AF4A-4587F61B6CB0}.Debug|Any CPU.ActiveCfg = Debug|Any CPU
		{C17A9A7F-2395-4BFA-AF4A-4587F61B6CB0}.Debug|Any CPU.Build.0 = Debug|Any CPU
		{C17A9A7F-2395-4BFA-AF4A-4587F61B6CB0}.Release|Any CPU.ActiveCfg = Release|Any CPU
		{C17A9A7F-2395-4BFA-AF4A-4587F61B6CB0}.Release|Any CPU.Build.0 = Release|Any CPU
	EndGlobalSection
	GlobalSection(SolutionProperties) = preSolution
		HideSolutionNode = FALSE
	EndGlobalSection
	GlobalSection(ExtensibilityGlobals) = postSolution
		SolutionGuid = {5E488B0B-10B9-429F-BB32-D407165A2EBB}
	EndGlobalSection
EndGlobal
